
Microsoft Visual Studio Solution File, Format Version 12.00
# Visual Studio 15
VisualStudioVersion = 15.0.28010.2046
MinimumVisualStudioVersion = 10.0.40219.1
Project("{9A19103F-16F7-4668-BE54-9A1E7A4F7556}") = "AWA.Util", "AWA.Util\AWA.Util.csproj", "{C0B20927-CF7C-494A-8412-519D0B8E1FC9}"
EndProject
Project("{9A19103F-16F7-4668-BE54-9A1E7A4F7556}") = "AWA.Util.WebBase", "AWA.Util.WebBase\AWA.Util.WebBase.csproj", "{1E0D6DBB-D63B-4D3F-B93C-FDAB02B52416}"
EndProject
Project("{2150E333-8FDC-42A3-9474-1A3956D46DE8}") = "build", "build", "{DD7BE769-D4C1-4EC4-8031-B1E3C8A4083B}"
	ProjectSection(SolutionItems) = preProject
		todo.txt = todo.txt
	EndProjectSection
EndProject
Project("{9A19103F-16F7-4668-BE54-9A1E7A4F7556}") = "AWA.Util.Area", "AWA.Util.Area\AWA.Util.Area.csproj", "{AF87F2EA-18BD-41F3-9EB9-1CF14AC1655F}"
EndProject
Project("{9A19103F-16F7-4668-BE54-9A1E7A4F7556}") = "AWA.Util.CSRedis", "AWA.Util.CSRedis\AWA.Util.CSRedis.csproj", "{43ADD8CB-5B17-4FC4-B6DC-136863A6C1ED}"
EndProject
Project("{FAE04EC0-301F-11D3-BF4B-00C04F79EFBC}") = "AAM.Util.OAuth", "AAM.Util.OAuth\AAM.Util.OAuth.csproj", "{9C9F4E0A-526A-4719-83AB-7263FA8573BC}"
EndProject
Global
	GlobalSection(SolutionConfigurationPlatforms) = preSolution
		Debug|Any CPU = Debug|Any CPU
		Release|Any CPU = Release|Any CPU
	EndGlobalSection
	GlobalSection(ProjectConfigurationPlatforms) = postSolution
		{C0B20927-CF7C-494A-8412-519D0B8E1FC9}.Debug|Any CPU.ActiveCfg = Debug|Any CPU
		{C0B20927-CF7C-494A-8412-519D0B8E1FC9}.Debug|Any CPU.Build.0 = Debug|Any CPU
		{C0B20927-CF7C-494A-8412-519D0B8E1FC9}.Release|Any CPU.ActiveCfg = Release|Any CPU
		{C0B20927-CF7C-494A-8412-519D0B8E1FC9}.Release|Any CPU.Build.0 = Release|Any CPU
		{1E0D6DBB-D63B-4D3F-B93C-FDAB02B52416}.Debug|Any CPU.ActiveCfg = Debug|Any CPU
		{1E0D6DBB-D63B-4D3F-B93C-FDAB02B52416}.Debug|Any CPU.Build.0 = Debug|Any CPU
		{1E0D6DBB-D63B-4D3F-B93C-FDAB02B52416}.Release|Any CPU.ActiveCfg = Release|Any CPU
		{1E0D6DBB-D63B-4D3F-B93C-FDAB02B52416}.Release|Any CPU.Build.0 = Release|Any CPU
		{AF87F2EA-18BD-41F3-9EB9-1CF14AC1655F}.Debug|Any CPU.ActiveCfg = Debug|Any CPU
		{AF87F2EA-18BD-41F3-9EB9-1CF14AC1655F}.Debug|Any CPU.Build.0 = Debug|Any CPU
		{AF87F2EA-18BD-41F3-9EB9-1CF14AC1655F}.Release|Any CPU.ActiveCfg = Release|Any CPU
		{AF87F2EA-18BD-41F3-9EB9-1CF14AC1655F}.Release|Any CPU.Build.0 = Release|Any CPU
		{43ADD8CB-5B17-4FC4-B6DC-136863A6C1ED}.Debug|Any CPU.ActiveCfg = Debug|Any CPU
		{43ADD8CB-5B17-4FC4-B6DC-136863A6C1ED}.Debug|Any CPU.Build.0 = Debug|Any CPU
		{43ADD8CB-5B17-4FC4-B6DC-136863A6C1ED}.Release|Any CPU.ActiveCfg = Release|Any CPU
		{43ADD8CB-5B17-4FC4-B6DC-136863A6C1ED}.Release|Any CPU.Build.0 = Release|Any CPU
		{9C9F4E0A-526A-4719-83AB-7263FA8573BC}.Debug|Any CPU.ActiveCfg = Debug|Any CPU
		{9C9F4E0A-526A-4719-83AB-7263FA8573BC}.Debug|Any CPU.Build.0 = Debug|Any CPU
		{9C9F4E0A-526A-4719-83AB-7263FA8573BC}.Release|Any CPU.ActiveCfg = Release|Any CPU
		{9C9F4E0A-526A-4719-83AB-7263FA8573BC}.Release|Any CPU.Build.0 = Release|Any CPU
	EndGlobalSection
	GlobalSection(SolutionProperties) = preSolution
		HideSolutionNode = FALSE
	EndGlobalSection
	GlobalSection(ExtensibilityGlobals) = postSolution
		SolutionGuid = {C3644FFD-7CC4-4044-BC32-4C0C878074C1}
	EndGlobalSection
EndGlobal
